
Microsoft Visual Studio Solution File, Format Version 12.00
# Visual Studio Version 17
VisualStudioVersion = 17.14.36127.28 d17.14
MinimumVisualStudioVersion = 10.0.40219.1
Project("{FAE04EC0-301F-11D3-BF4B-00C04F79EFBC}") = "LiveCharts", "LiveCharts\LiveCharts.csproj", "{E6AF662E-005C-4255-A230-C0B2CFC85A24}"
EndProject
Project("{FAE04EC0-301F-11D3-BF4B-00C04F79EFBC}") = "LiveChartsLib", "LiveChartsLib\LiveChartsLib.csproj", "{91B97CE2-61E3-4DE3-86E3-05442CF1A921}"
EndProject
Global
	GlobalSection(SolutionConfigurationPlatforms) = preSolution
		Debug|Any CPU = Debug|Any CPU
		Release|Any CPU = Release|Any CPU
	EndGlobalSection
	GlobalSection(ProjectConfigurationPlatforms) = postSolution
		{E6AF662E-005C-4255-A230-C0B2CFC85A24}.Debug|Any CPU.ActiveCfg = Debug|Any CPU
		{E6AF662E-005C-4255-A230-C0B2CFC85A24}.Debug|Any CPU.Build.0 = Debug|Any CPU
		{E6AF662E-005C-4255-A230-C0B2CFC85A24}.Release|Any CPU.ActiveCfg = Release|Any CPU
		{E6AF662E-005C-4255-A230-C0B2CFC85A24}.Release|Any CPU.Build.0 = Release|Any CPU
		{91B97CE2-61E3-4DE3-86E3-05442CF1A921}.Debug|Any CPU.ActiveCfg = Debug|Any CPU
		{91B97CE2-61E3-4DE3-86E3-05442CF1A921}.Debug|Any CPU.Build.0 = Debug|Any CPU
		{91B97CE2-61E3-4DE3-86E3-05442CF1A921}.Release|Any CPU.ActiveCfg = Release|Any CPU
		{91B97CE2-61E3-4DE3-86E3-05442CF1A921}.Release|Any CPU.Build.0 = Release|Any CPU
	EndGlobalSection
	GlobalSection(SolutionProperties) = preSolution
		HideSolutionNode = FALSE
	EndGlobalSection
	GlobalSection(ExtensibilityGlobals) = postSolution
		SolutionGuid = {1A2FDF5F-BD2C-45BD-99AC-0C825F32D42F}
	EndGlobalSection
EndGlobal
