
Microsoft Visual Studio Solution File, Format Version 12.00
# Visual Studio Version 17
VisualStudioVersion = 17.14.36127.28 d17.14
MinimumVisualStudioVersion = 10.0.40219.1
Project("{FAE04EC0-301F-11D3-BF4B-00C04F79EFBC}") = "LiveCharts", "LiveCharts\LiveCharts.csproj", "{79595050-53A5-48F5-AD65-7918C39DDA58}"
EndProject
Project("{FAE04EC0-301F-11D3-BF4B-00C04F79EFBC}") = "LiveChartsLibrary", "LiveChartsLibrary\LiveChartsLibrary.csproj", "{A8A11CB3-B2D3-4970-9ED3-FD3F3B0FD0F3}"
EndProject
Global
	GlobalSection(SolutionConfigurationPlatforms) = preSolution
		Debug|Any CPU = Debug|Any CPU
		Release|Any CPU = Release|Any CPU
	EndGlobalSection
	GlobalSection(ProjectConfigurationPlatforms) = postSolution
		{79595050-53A5-48F5-AD65-7918C39DDA58}.Debug|Any CPU.ActiveCfg = Debug|Any CPU
		{79595050-53A5-48F5-AD65-7918C39DDA58}.Debug|Any CPU.Build.0 = Debug|Any CPU
		{79595050-53A5-48F5-AD65-7918C39DDA58}.Release|Any CPU.ActiveCfg = Release|Any CPU
		{79595050-53A5-48F5-AD65-7918C39DDA58}.Release|Any CPU.Build.0 = Release|Any CPU
		{A8A11CB3-B2D3-4970-9ED3-FD3F3B0FD0F3}.Debug|Any CPU.ActiveCfg = Debug|Any CPU
		{A8A11CB3-B2D3-4970-9ED3-FD3F3B0FD0F3}.Debug|Any CPU.Build.0 = Debug|Any CPU
		{A8A11CB3-B2D3-4970-9ED3-FD3F3B0FD0F3}.Release|Any CPU.ActiveCfg = Release|Any CPU
		{A8A11CB3-B2D3-4970-9ED3-FD3F3B0FD0F3}.Release|Any CPU.Build.0 = Release|Any CPU
	EndGlobalSection
	GlobalSection(SolutionProperties) = preSolution
		HideSolutionNode = FALSE
	EndGlobalSection
	GlobalSection(ExtensibilityGlobals) = postSolution
		SolutionGuid = {1CA105BC-17E4-4443-86A0-ABE28A31A2F7}
	EndGlobalSection
EndGlobal
