
Microsoft Visual Studio Solution File, Format Version 12.00
# Visual Studio Version 17
VisualStudioVersion = 17.13.35825.156 d17.13
MinimumVisualStudioVersion = 10.0.40219.1
Project("{FAE04EC0-301F-11D3-BF4B-00C04F79EFBC}") = "DistanceEducation", "DistanceEducation\DistanceEducation.csproj", "{30745188-05A3-435A-9958-C5F63DE2A4AA}"
EndProject
Global
	GlobalSection(SolutionConfigurationPlatforms) = preSolution
		Debug|Any CPU = Debug|Any CPU
		Release|Any CPU = Release|Any CPU
	EndGlobalSection
	GlobalSection(ProjectConfigurationPlatforms) = postSolution
		{30745188-05A3-435A-9958-C5F63DE2A4AA}.Debug|Any CPU.ActiveCfg = Debug|Any CPU
		{30745188-05A3-435A-9958-C5F63DE2A4AA}.Debug|Any CPU.Build.0 = Debug|Any CPU
		{30745188-05A3-435A-9958-C5F63DE2A4AA}.Release|Any CPU.ActiveCfg = Release|Any CPU
		{30745188-05A3-435A-9958-C5F63DE2A4AA}.Release|Any CPU.Build.0 = Release|Any CPU
	EndGlobalSection
	GlobalSection(SolutionProperties) = preSolution
		HideSolutionNode = FALSE
	EndGlobalSection
	GlobalSection(ExtensibilityGlobals) = postSolution
		SolutionGuid = {41C20CC8-7C92-47B9-8482-4AD82B8EEDE9}
	EndGlobalSection
EndGlobal
