
Microsoft Visual Studio Solution File, Format Version 12.00
# Visual Studio Version 17
VisualStudioVersion = 17.13.35818.85 d17.13
MinimumVisualStudioVersion = 10.0.40219.1
Project("{FAE04EC0-301F-11D3-BF4B-00C04F79EFBC}") = "FirstWinFormsMW", "FirstWinFormsLib\FirstWinFormsMW.csproj", "{4C6CD0FF-51A0-43EF-A7BE-FD7FFBC88CA3}"
EndProject
Project("{FAE04EC0-301F-11D3-BF4B-00C04F79EFBC}") = "ModelViewLib", "ModelViewLib\ModelViewLib.csproj", "{19196060-85FA-4C70-8B4D-84C594212649}"
EndProject
Global
	GlobalSection(SolutionConfigurationPlatforms) = preSolution
		Debug|Any CPU = Debug|Any CPU
		Release|Any CPU = Release|Any CPU
	EndGlobalSection
	GlobalSection(ProjectConfigurationPlatforms) = postSolution
		{4C6CD0FF-51A0-43EF-A7BE-FD7FFBC88CA3}.Debug|Any CPU.ActiveCfg = Debug|Any CPU
		{4C6CD0FF-51A0-43EF-A7BE-FD7FFBC88CA3}.Debug|Any CPU.Build.0 = Debug|Any CPU
		{4C6CD0FF-51A0-43EF-A7BE-FD7FFBC88CA3}.Release|Any CPU.ActiveCfg = Release|Any CPU
		{4C6CD0FF-51A0-43EF-A7BE-FD7FFBC88CA3}.Release|Any CPU.Build.0 = Release|Any CPU
		{19196060-85FA-4C70-8B4D-84C594212649}.Debug|Any CPU.ActiveCfg = Debug|Any CPU
		{19196060-85FA-4C70-8B4D-84C594212649}.Debug|Any CPU.Build.0 = Debug|Any CPU
		{19196060-85FA-4C70-8B4D-84C594212649}.Release|Any CPU.ActiveCfg = Release|Any CPU
		{19196060-85FA-4C70-8B4D-84C594212649}.Release|Any CPU.Build.0 = Release|Any CPU
	EndGlobalSection
	GlobalSection(SolutionProperties) = preSolution
		HideSolutionNode = FALSE
	EndGlobalSection
	GlobalSection(ExtensibilityGlobals) = postSolution
		SolutionGuid = {3CD6057D-CF43-4770-BFCC-04F48128740B}
	EndGlobalSection
EndGlobal
