
Microsoft Visual Studio Solution File, Format Version 12.00
# Visual Studio Version 17
VisualStudioVersion = 17.13.35818.85 d17.13
MinimumVisualStudioVersion = 10.0.40219.1
Project("{FAE04EC0-301F-11D3-BF4B-00C04F79EFBC}") = "ModelTest", "ModelTest\ModelTest.csproj", "{B00B36AD-E657-4D30-887F-655B8F1085E1}"
EndProject
Project("{FAE04EC0-301F-11D3-BF4B-00C04F79EFBC}") = "TestLibrary", "TestLibrary\TestLibrary.csproj", "{AC9CF55A-04C5-41DB-93B0-28506BE4240B}"
EndProject
Global
	GlobalSection(SolutionConfigurationPlatforms) = preSolution
		Debug|Any CPU = Debug|Any CPU
		Release|Any CPU = Release|Any CPU
	EndGlobalSection
	GlobalSection(ProjectConfigurationPlatforms) = postSolution
		{B00B36AD-E657-4D30-887F-655B8F1085E1}.Debug|Any CPU.ActiveCfg = Debug|Any CPU
		{B00B36AD-E657-4D30-887F-655B8F1085E1}.Debug|Any CPU.Build.0 = Debug|Any CPU
		{B00B36AD-E657-4D30-887F-655B8F1085E1}.Release|Any CPU.ActiveCfg = Release|Any CPU
		{B00B36AD-E657-4D30-887F-655B8F1085E1}.Release|Any CPU.Build.0 = Release|Any CPU
		{AC9CF55A-04C5-41DB-93B0-28506BE4240B}.Debug|Any CPU.ActiveCfg = Debug|Any CPU
		{AC9CF55A-04C5-41DB-93B0-28506BE4240B}.Debug|Any CPU.Build.0 = Debug|Any CPU
		{AC9CF55A-04C5-41DB-93B0-28506BE4240B}.Release|Any CPU.ActiveCfg = Release|Any CPU
		{AC9CF55A-04C5-41DB-93B0-28506BE4240B}.Release|Any CPU.Build.0 = Release|Any CPU
	EndGlobalSection
	GlobalSection(SolutionProperties) = preSolution
		HideSolutionNode = FALSE
	EndGlobalSection
	GlobalSection(ExtensibilityGlobals) = postSolution
		SolutionGuid = {3BE9B434-1A46-49A9-9CEC-B9306E354A2F}
	EndGlobalSection
EndGlobal
