
Microsoft Visual Studio Solution File, Format Version 12.00
# Visual Studio Version 17
VisualStudioVersion = 17.7.34031.279
MinimumVisualStudioVersion = 10.0.40219.1
Project("{FAE04EC0-301F-11D3-BF4B-00C04F79EFBC}") = "ManyClasses", "ManyClasses\ManyClasses.csproj", "{CBAE5290-41B8-436E-8AE9-A92F79E72184}"
EndProject
Global
	GlobalSection(SolutionConfigurationPlatforms) = preSolution
		Debug|Any CPU = Debug|Any CPU
		Release|Any CPU = Release|Any CPU
	EndGlobalSection
	GlobalSection(ProjectConfigurationPlatforms) = postSolution
		{CBAE5290-41B8-436E-8AE9-A92F79E72184}.Debug|Any CPU.ActiveCfg = Debug|Any CPU
		{CBAE5290-41B8-436E-8AE9-A92F79E72184}.Debug|Any CPU.Build.0 = Debug|Any CPU
		{CBAE5290-41B8-436E-8AE9-A92F79E72184}.Release|Any CPU.ActiveCfg = Release|Any CPU
		{CBAE5290-41B8-436E-8AE9-A92F79E72184}.Release|Any CPU.Build.0 = Release|Any CPU
	EndGlobalSection
	GlobalSection(SolutionProperties) = preSolution
		HideSolutionNode = FALSE
	EndGlobalSection
	GlobalSection(ExtensibilityGlobals) = postSolution
		SolutionGuid = {BB72E267-1F57-4514-B054-2A14FEECB89B}
	EndGlobalSection
EndGlobal
