
Microsoft Visual Studio Solution File, Format Version 12.00
# Visual Studio Version 17
VisualStudioVersion = 17.13.35919.96 d17.13
MinimumVisualStudioVersion = 10.0.40219.1
Project("{FAE04EC0-301F-11D3-BF4B-00C04F79EFBC}") = "StructProject", "StructProject\StructProject.csproj", "{055ADDB7-ED9D-4D6B-8EB6-B4AF63BF79D6}"
EndProject
Global
	GlobalSection(SolutionConfigurationPlatforms) = preSolution
		Debug|Any CPU = Debug|Any CPU
		Release|Any CPU = Release|Any CPU
	EndGlobalSection
	GlobalSection(ProjectConfigurationPlatforms) = postSolution
		{055ADDB7-ED9D-4D6B-8EB6-B4AF63BF79D6}.Debug|Any CPU.ActiveCfg = Debug|Any CPU
		{055ADDB7-ED9D-4D6B-8EB6-B4AF63BF79D6}.Debug|Any CPU.Build.0 = Debug|Any CPU
		{055ADDB7-ED9D-4D6B-8EB6-B4AF63BF79D6}.Release|Any CPU.ActiveCfg = Release|Any CPU
		{055ADDB7-ED9D-4D6B-8EB6-B4AF63BF79D6}.Release|Any CPU.Build.0 = Release|Any CPU
	EndGlobalSection
	GlobalSection(SolutionProperties) = preSolution
		HideSolutionNode = FALSE
	EndGlobalSection
	GlobalSection(ExtensibilityGlobals) = postSolution
		SolutionGuid = {907B5090-C404-4265-988F-71947113ED39}
	EndGlobalSection
EndGlobal
