
Microsoft Visual Studio Solution File, Format Version 12.00
# Visual Studio Version 17
VisualStudioVersion = 17.13.35818.85 d17.13
MinimumVisualStudioVersion = 10.0.40219.1
Project("{FAE04EC0-301F-11D3-BF4B-00C04F79EFBC}") = "LR 2 NEW", "LR 2 NEW\LR 2 NEW.csproj", "{083415E2-B16F-4DE1-94BE-B49F0BC6E940}"
EndProject
Global
	GlobalSection(SolutionConfigurationPlatforms) = preSolution
		Debug|Any CPU = Debug|Any CPU
		Release|Any CPU = Release|Any CPU
	EndGlobalSection
	GlobalSection(ProjectConfigurationPlatforms) = postSolution
		{083415E2-B16F-4DE1-94BE-B49F0BC6E940}.Debug|Any CPU.ActiveCfg = Debug|Any CPU
		{083415E2-B16F-4DE1-94BE-B49F0BC6E940}.Debug|Any CPU.Build.0 = Debug|Any CPU
		{083415E2-B16F-4DE1-94BE-B49F0BC6E940}.Release|Any CPU.ActiveCfg = Release|Any CPU
		{083415E2-B16F-4DE1-94BE-B49F0BC6E940}.Release|Any CPU.Build.0 = Release|Any CPU
	EndGlobalSection
	GlobalSection(SolutionProperties) = preSolution
		HideSolutionNode = FALSE
	EndGlobalSection
	GlobalSection(ExtensibilityGlobals) = postSolution
		SolutionGuid = {320F447C-EAF9-458C-8698-525D44D50625}
	EndGlobalSection
EndGlobal
